
Microsoft Visual Studio Solution File, Format Version 12.00
# Visual Studio 15
VisualStudioVersion = 15.0.28010.2046
MinimumVisualStudioVersion = 10.0.40219.1
Project("{FAE04EC0-301F-11D3-BF4B-00C04F79EFBC}") = "GoogleSheetsAPI_Example", "GoogleSheetsAPI_Example\GoogleSheetsAPI_Example.csproj", "{8D4AF00D-9107-477D-979B-806FFEE622C9}"
EndProject
Global
	GlobalSection(SolutionConfigurationPlatforms) = preSolution
		Debug|Any CPU = Debug|Any CPU
		Release|Any CPU = Release|Any CPU
	EndGlobalSection
	GlobalSection(ProjectConfigurationPlatforms) = postSolution
		{8D4AF00D-9107-477D-979B-806FFEE622C9}.Debug|Any CPU.ActiveCfg = Debug|Any CPU
		{8D4AF00D-9107-477D-979B-806FFEE622C9}.Debug|Any CPU.Build.0 = Debug|Any CPU
		{8D4AF00D-9107-477D-979B-806FFEE622C9}.Release|Any CPU.ActiveCfg = Release|Any CPU
		{8D4AF00D-9107-477D-979B-806FFEE622C9}.Release|Any CPU.Build.0 = Release|Any CPU
	EndGlobalSection
	GlobalSection(SolutionProperties) = preSolution
		HideSolutionNode = FALSE
	EndGlobalSection
	GlobalSection(ExtensibilityGlobals) = postSolution
		SolutionGuid = {5426574B-A7CD-4C2B-BD6B-DB699E10E624}
	EndGlobalSection
EndGlobal
